
Microsoft Visual Studio Solution File, Format Version 12.00
# Visual Studio Version 17
VisualStudioVersion = 17.4.33213.308
MinimumVisualStudioVersion = 10.0.40219.1
Project("{2150E333-8FDC-42A3-9474-1A3956D46DE8}") = "Dependencies", "Dependencies", "{53E47842-3FC8-3998-A828-34EB942B241A}"
EndProject
Project("{8BC9CEB8-8B4A-11D0-8D11-00A0C91BC942}") = "GLFW", "merlin.core\vendor\glfw\GLFW.vcxproj", "{154B857C-0182-860D-AA6E-6C109684020F}"
EndProject
Project("{8BC9CEB8-8B4A-11D0-8D11-00A0C91BC942}") = "Glad", "merlin.core\vendor\Glad\Glad.vcxproj", "{BDD6857C-A90D-870D-52FA-6C103E10030F}"
EndProject
Project("{8BC9CEB8-8B4A-11D0-8D11-00A0C91BC942}") = "ImGui", "merlin.core\vendor\imgui\ImGui.vcxproj", "{C0FF640D-2C14-8DBE-F595-301E616989EF}"
EndProject
Project("{8BC9CEB8-8B4A-11D0-8D11-00A0C91BC942}") = "merlin.core", "merlin.core\merlin.core.vcxproj", "{20200B5F-8CD5-8354-15CA-7D2B817E7A58}"
	ProjectSection(ProjectDependencies) = postProject
		{386D21F5-D339-4034-86FF-A1D2BC2C1BE9} = {386D21F5-D339-4034-86FF-A1D2BC2C1BE9}
		{48DC7521-4D03-4C46-BA59-DE6748E431CC} = {48DC7521-4D03-4C46-BA59-DE6748E431CC}
	EndProjectSection
EndProject
Project("{2150E333-8FDC-42A3-9474-1A3956D46DE8}") = "Examples", "Examples", "{D1D60AC2-73CD-450E-870C-D9D66BA549C1}"
EndProject
Project("{8BC9CEB8-8B4A-11D0-8D11-00A0C91BC942}") = "merlin.example", "merlin.examples\merlin.example\merlin.example.vcxproj", "{56515698-C2DC-C35C-CBED-465137F81F5D}"
	ProjectSection(ProjectDependencies) = postProject
		{154B857C-0182-860D-AA6E-6C109684020F} = {154B857C-0182-860D-AA6E-6C109684020F}
		{BDD6857C-A90D-870D-52FA-6C103E10030F} = {BDD6857C-A90D-870D-52FA-6C103E10030F}
		{C0FF640D-2C14-8DBE-F595-301E616989EF} = {C0FF640D-2C14-8DBE-F595-301E616989EF}
	EndProjectSection
EndProject
Project("{8BC9CEB8-8B4A-11D0-8D11-00A0C91BC942}") = "merlin.instancing", "merlin.examples\merlin.instancing\merlin.instancing.vcxproj", "{DF1C7C13-96FC-406A-9A74-01521F72A3C9}"
	ProjectSection(ProjectDependencies) = postProject
		{154B857C-0182-860D-AA6E-6C109684020F} = {154B857C-0182-860D-AA6E-6C109684020F}
		{BDD6857C-A90D-870D-52FA-6C103E10030F} = {BDD6857C-A90D-870D-52FA-6C103E10030F}
		{C0FF640D-2C14-8DBE-F595-301E616989EF} = {C0FF640D-2C14-8DBE-F595-301E616989EF}
	EndProjectSection
EndProject
Project("{8BC9CEB8-8B4A-11D0-8D11-00A0C91BC942}") = "merlin.multisampling", "merlin.examples\merlin.multisampling\merlin.multisampling.vcxproj", "{6C484867-32C9-4676-81E6-A87030921AE7}"
	ProjectSection(ProjectDependencies) = postProject
		{154B857C-0182-860D-AA6E-6C109684020F} = {154B857C-0182-860D-AA6E-6C109684020F}
		{BDD6857C-A90D-870D-52FA-6C103E10030F} = {BDD6857C-A90D-870D-52FA-6C103E10030F}
		{C0FF640D-2C14-8DBE-F595-301E616989EF} = {C0FF640D-2C14-8DBE-F595-301E616989EF}
	EndProjectSection
EndProject
Project("{8BC9CEB8-8B4A-11D0-8D11-00A0C91BC942}") = "tinygltf", "merlin.core\vendor\tinygltf\tinygltf.vcxproj", "{48DC7521-4D03-4C46-BA59-DE6748E431CC}"
EndProject
Project("{8BC9CEB8-8B4A-11D0-8D11-00A0C91BC942}") = "ImGUITextEditor", "merlin.core\vendor\ImGUITextEditor\ImGUITextEditor.vcxproj", "{386D21F5-D339-4034-86FF-A1D2BC2C1BE9}"
	ProjectSection(ProjectDependencies) = postProject
		{C0FF640D-2C14-8DBE-F595-301E616989EF} = {C0FF640D-2C14-8DBE-F595-301E616989EF}
	EndProjectSection
EndProject
Project("{2150E333-8FDC-42A3-9474-1A3956D46DE8}") = "Experiments", "Experiments", "{DFE19DA6-0229-4BAE-A2FF-D9834EF111F5}"
EndProject
Project("{8BC9CEB8-8B4A-11D0-8D11-00A0C91BC942}") = "merlin.pbf", "merlin.experiments\merlin.pbf\merlin.pbf.vcxproj", "{C50F54F5-FAEC-4002-9BD5-5D3A74E5F088}"
EndProject
Project("{8BC9CEB8-8B4A-11D0-8D11-00A0C91BC942}") = "merlin.flex", "merlin.experiments\merlin.flex\merlin.flex.vcxproj", "{644303D7-F964-41CB-97F6-6EC4231B7C12}"
EndProject
Project("{8BC9CEB8-8B4A-11D0-8D11-00A0C91BC942}") = "merlin.fdm", "merlin.experiments\merlin.fdm\merlin.fdm.vcxproj", "{AB0B3689-BA96-4C2E-BF48-14D7213412D8}"
EndProject
Project("{8BC9CEB8-8B4A-11D0-8D11-00A0C91BC942}") = "merlin.warp", "merlin.experiments\merlin.warp\merlin.warp.vcxproj", "{6C60E698-8865-4A54-9DD4-D33B1DF33AC7}"
EndProject
Project("{8BC9CEB8-8B4A-11D0-8D11-00A0C91BC942}") = "merlin.sort", "merlin.experiments\merlin.sort\merlin.sort.vcxproj", "{117D8D50-E6A4-4723-A4AC-7CFFBDCB5C46}"
EndProject
Global
	GlobalSection(SolutionConfigurationPlatforms) = preSolution
		Debug|x64 = Debug|x64
		Debug|x86 = Debug|x86
		Release|x64 = Release|x64
		Release|x86 = Release|x86
	EndGlobalSection
	GlobalSection(ProjectConfigurationPlatforms) = postSolution
		{154B857C-0182-860D-AA6E-6C109684020F}.Debug|x64.ActiveCfg = Debug|x64
		{154B857C-0182-860D-AA6E-6C109684020F}.Debug|x64.Build.0 = Debug|x64
		{154B857C-0182-860D-AA6E-6C109684020F}.Debug|x86.ActiveCfg = Debug|x64
		{154B857C-0182-860D-AA6E-6C109684020F}.Release|x64.ActiveCfg = Release|x64
		{154B857C-0182-860D-AA6E-6C109684020F}.Release|x64.Build.0 = Release|x64
		{154B857C-0182-860D-AA6E-6C109684020F}.Release|x86.ActiveCfg = Release|x64
		{BDD6857C-A90D-870D-52FA-6C103E10030F}.Debug|x64.ActiveCfg = Debug|x64
		{BDD6857C-A90D-870D-52FA-6C103E10030F}.Debug|x64.Build.0 = Debug|x64
		{BDD6857C-A90D-870D-52FA-6C103E10030F}.Debug|x86.ActiveCfg = Debug|x64
		{BDD6857C-A90D-870D-52FA-6C103E10030F}.Release|x64.ActiveCfg = Release|x64
		{BDD6857C-A90D-870D-52FA-6C103E10030F}.Release|x64.Build.0 = Release|x64
		{BDD6857C-A90D-870D-52FA-6C103E10030F}.Release|x86.ActiveCfg = Release|x64
		{C0FF640D-2C14-8DBE-F595-301E616989EF}.Debug|x64.ActiveCfg = Debug|x64
		{C0FF640D-2C14-8DBE-F595-301E616989EF}.Debug|x64.Build.0 = Debug|x64
		{C0FF640D-2C14-8DBE-F595-301E616989EF}.Debug|x86.ActiveCfg = Debug|x64
		{C0FF640D-2C14-8DBE-F595-301E616989EF}.Release|x64.ActiveCfg = Release|x64
		{C0FF640D-2C14-8DBE-F595-301E616989EF}.Release|x64.Build.0 = Release|x64
		{C0FF640D-2C14-8DBE-F595-301E616989EF}.Release|x86.ActiveCfg = Release|x64
		{20200B5F-8CD5-8354-15CA-7D2B817E7A58}.Debug|x64.ActiveCfg = Debug|x64
		{20200B5F-8CD5-8354-15CA-7D2B817E7A58}.Debug|x64.Build.0 = Debug|x64
		{20200B5F-8CD5-8354-15CA-7D2B817E7A58}.Debug|x86.ActiveCfg = Debug|x64
		{20200B5F-8CD5-8354-15CA-7D2B817E7A58}.Release|x64.ActiveCfg = Release|x64
		{20200B5F-8CD5-8354-15CA-7D2B817E7A58}.Release|x64.Build.0 = Release|x64
		{20200B5F-8CD5-8354-15CA-7D2B817E7A58}.Release|x86.ActiveCfg = Release|x64
		{56515698-C2DC-C35C-CBED-465137F81F5D}.Debug|x64.ActiveCfg = Debug|x64
		{56515698-C2DC-C35C-CBED-465137F81F5D}.Debug|x86.ActiveCfg = Debug|x64
		{56515698-C2DC-C35C-CBED-465137F81F5D}.Release|x64.ActiveCfg = Release|x64
		{56515698-C2DC-C35C-CBED-465137F81F5D}.Release|x64.Build.0 = Release|x64
		{56515698-C2DC-C35C-CBED-465137F81F5D}.Release|x86.ActiveCfg = Release|x64
		{DF1C7C13-96FC-406A-9A74-01521F72A3C9}.Debug|x64.ActiveCfg = Debug|x64
		{DF1C7C13-96FC-406A-9A74-01521F72A3C9}.Debug|x86.ActiveCfg = Debug|x64
		{DF1C7C13-96FC-406A-9A74-01521F72A3C9}.Release|x64.ActiveCfg = Release|x64
		{DF1C7C13-96FC-406A-9A74-01521F72A3C9}.Release|x64.Build.0 = Release|x64
		{DF1C7C13-96FC-406A-9A74-01521F72A3C9}.Release|x86.ActiveCfg = Release|x64
		{6C484867-32C9-4676-81E6-A87030921AE7}.Debug|x64.ActiveCfg = Debug|x64
		{6C484867-32C9-4676-81E6-A87030921AE7}.Debug|x86.ActiveCfg = Debug|x64
		{6C484867-32C9-4676-81E6-A87030921AE7}.Release|x64.ActiveCfg = Release|x64
		{6C484867-32C9-4676-81E6-A87030921AE7}.Release|x64.Build.0 = Release|x64
		{6C484867-32C9-4676-81E6-A87030921AE7}.Release|x86.ActiveCfg = Release|x64
		{48DC7521-4D03-4C46-BA59-DE6748E431CC}.Debug|x64.ActiveCfg = Debug|x64
		{48DC7521-4D03-4C46-BA59-DE6748E431CC}.Debug|x64.Build.0 = Debug|x64
		{48DC7521-4D03-4C46-BA59-DE6748E431CC}.Debug|x86.ActiveCfg = Debug|x64
		{48DC7521-4D03-4C46-BA59-DE6748E431CC}.Debug|x86.Build.0 = Debug|x64
		{48DC7521-4D03-4C46-BA59-DE6748E431CC}.Release|x64.ActiveCfg = Release|x64
		{48DC7521-4D03-4C46-BA59-DE6748E431CC}.Release|x64.Build.0 = Release|x64
		{48DC7521-4D03-4C46-BA59-DE6748E431CC}.Release|x86.ActiveCfg = Release|x64
		{48DC7521-4D03-4C46-BA59-DE6748E431CC}.Release|x86.Build.0 = Release|x64
		{386D21F5-D339-4034-86FF-A1D2BC2C1BE9}.Debug|x64.ActiveCfg = Debug|x64
		{386D21F5-D339-4034-86FF-A1D2BC2C1BE9}.Debug|x64.Build.0 = Debug|x64
		{386D21F5-D339-4034-86FF-A1D2BC2C1BE9}.Debug|x86.ActiveCfg = Debug|x64
		{386D21F5-D339-4034-86FF-A1D2BC2C1BE9}.Debug|x86.Build.0 = Debug|x64
		{386D21F5-D339-4034-86FF-A1D2BC2C1BE9}.Release|x64.ActiveCfg = Release|x64
		{386D21F5-D339-4034-86FF-A1D2BC2C1BE9}.Release|x64.Build.0 = Release|x64
		{386D21F5-D339-4034-86FF-A1D2BC2C1BE9}.Release|x86.ActiveCfg = Release|x64
		{386D21F5-D339-4034-86FF-A1D2BC2C1BE9}.Release|x86.Build.0 = Release|x64
		{C50F54F5-FAEC-4002-9BD5-5D3A74E5F088}.Debug|x64.ActiveCfg = Debug|x64
		{C50F54F5-FAEC-4002-9BD5-5D3A74E5F088}.Debug|x86.ActiveCfg = Debug|x64
		{C50F54F5-FAEC-4002-9BD5-5D3A74E5F088}.Debug|x86.Build.0 = Debug|x64
		{C50F54F5-FAEC-4002-9BD5-5D3A74E5F088}.Release|x64.ActiveCfg = Release|x64
		{C50F54F5-FAEC-4002-9BD5-5D3A74E5F088}.Release|x64.Build.0 = Release|x64
		{C50F54F5-FAEC-4002-9BD5-5D3A74E5F088}.Release|x86.ActiveCfg = Release|x64
		{C50F54F5-FAEC-4002-9BD5-5D3A74E5F088}.Release|x86.Build.0 = Release|x64
		{644303D7-F964-41CB-97F6-6EC4231B7C12}.Debug|x64.ActiveCfg = Debug|x64
		{644303D7-F964-41CB-97F6-6EC4231B7C12}.Debug|x86.ActiveCfg = Debug|x64
		{644303D7-F964-41CB-97F6-6EC4231B7C12}.Debug|x86.Build.0 = Debug|x64
		{644303D7-F964-41CB-97F6-6EC4231B7C12}.Release|x64.ActiveCfg = Release|x64
		{644303D7-F964-41CB-97F6-6EC4231B7C12}.Release|x64.Build.0 = Release|x64
		{644303D7-F964-41CB-97F6-6EC4231B7C12}.Release|x86.ActiveCfg = Release|x64
		{644303D7-F964-41CB-97F6-6EC4231B7C12}.Release|x86.Build.0 = Release|x64
		{AB0B3689-BA96-4C2E-BF48-14D7213412D8}.Debug|x64.ActiveCfg = Debug|x64
		{AB0B3689-BA96-4C2E-BF48-14D7213412D8}.Debug|x64.Build.0 = Debug|x64
		{AB0B3689-BA96-4C2E-BF48-14D7213412D8}.Debug|x86.ActiveCfg = Debug|x64
		{AB0B3689-BA96-4C2E-BF48-14D7213412D8}.Debug|x86.Build.0 = Debug|x64
		{AB0B3689-BA96-4C2E-BF48-14D7213412D8}.Release|x64.ActiveCfg = Release|x64
		{AB0B3689-BA96-4C2E-BF48-14D7213412D8}.Release|x64.Build.0 = Release|x64
		{AB0B3689-BA96-4C2E-BF48-14D7213412D8}.Release|x86.ActiveCfg = Release|x64
		{AB0B3689-BA96-4C2E-BF48-14D7213412D8}.Release|x86.Build.0 = Release|x64
		{6C60E698-8865-4A54-9DD4-D33B1DF33AC7}.Debug|x64.ActiveCfg = Debug|x64
		{6C60E698-8865-4A54-9DD4-D33B1DF33AC7}.Debug|x86.ActiveCfg = Debug|x64
		{6C60E698-8865-4A54-9DD4-D33B1DF33AC7}.Debug|x86.Build.0 = Debug|x64
		{6C60E698-8865-4A54-9DD4-D33B1DF33AC7}.Release|x64.ActiveCfg = Release|x64
		{6C60E698-8865-4A54-9DD4-D33B1DF33AC7}.Release|x64.Build.0 = Release|x64
		{6C60E698-8865-4A54-9DD4-D33B1DF33AC7}.Release|x86.ActiveCfg = Release|x64
		{6C60E698-8865-4A54-9DD4-D33B1DF33AC7}.Release|x86.Build.0 = Release|x64
		{117D8D50-E6A4-4723-A4AC-7CFFBDCB5C46}.Debug|x64.ActiveCfg = Debug|x64
		{117D8D50-E6A4-4723-A4AC-7CFFBDCB5C46}.Debug|x86.ActiveCfg = Debug|x64
		{117D8D50-E6A4-4723-A4AC-7CFFBDCB5C46}.Debug|x86.Build.0 = Debug|x64
		{117D8D50-E6A4-4723-A4AC-7CFFBDCB5C46}.Release|x64.ActiveCfg = Release|x64
		{117D8D50-E6A4-4723-A4AC-7CFFBDCB5C46}.Release|x64.Build.0 = Release|x64
		{117D8D50-E6A4-4723-A4AC-7CFFBDCB5C46}.Release|x86.ActiveCfg = Release|x64
		{117D8D50-E6A4-4723-A4AC-7CFFBDCB5C46}.Release|x86.Build.0 = Release|x64
	EndGlobalSection
	GlobalSection(SolutionProperties) = preSolution
		HideSolutionNode = FALSE
	EndGlobalSection
	GlobalSection(NestedProjects) = preSolution
		{154B857C-0182-860D-AA6E-6C109684020F} = {53E47842-3FC8-3998-A828-34EB942B241A}
		{BDD6857C-A90D-870D-52FA-6C103E10030F} = {53E47842-3FC8-3998-A828-34EB942B241A}
		{C0FF640D-2C14-8DBE-F595-301E616989EF} = {53E47842-3FC8-3998-A828-34EB942B241A}
		{56515698-C2DC-C35C-CBED-465137F81F5D} = {D1D60AC2-73CD-450E-870C-D9D66BA549C1}
		{DF1C7C13-96FC-406A-9A74-01521F72A3C9} = {D1D60AC2-73CD-450E-870C-D9D66BA549C1}
		{6C484867-32C9-4676-81E6-A87030921AE7} = {D1D60AC2-73CD-450E-870C-D9D66BA549C1}
		{48DC7521-4D03-4C46-BA59-DE6748E431CC} = {53E47842-3FC8-3998-A828-34EB942B241A}
		{386D21F5-D339-4034-86FF-A1D2BC2C1BE9} = {53E47842-3FC8-3998-A828-34EB942B241A}
		{C50F54F5-FAEC-4002-9BD5-5D3A74E5F088} = {DFE19DA6-0229-4BAE-A2FF-D9834EF111F5}
		{644303D7-F964-41CB-97F6-6EC4231B7C12} = {DFE19DA6-0229-4BAE-A2FF-D9834EF111F5}
		{AB0B3689-BA96-4C2E-BF48-14D7213412D8} = {DFE19DA6-0229-4BAE-A2FF-D9834EF111F5}
		{6C60E698-8865-4A54-9DD4-D33B1DF33AC7} = {DFE19DA6-0229-4BAE-A2FF-D9834EF111F5}
		{117D8D50-E6A4-4723-A4AC-7CFFBDCB5C46} = {DFE19DA6-0229-4BAE-A2FF-D9834EF111F5}
	EndGlobalSection
	GlobalSection(ExtensibilityGlobals) = postSolution
		SolutionGuid = {08CE0857-BD26-4581-B676-934B26490A92}
	EndGlobalSection
EndGlobal
